// !$*UTF8*$!
{
	archiveVersion = 1;
	classes = {
	};
	objectVersion = 46;
	objects = {

/* Begin PBXBuildFile section */
		1DB988A6145F7B74000168A0 /* UIKit.framework in Frameworks */ = {isa = PBXBuildFile; fileRef = 1DB988A5145F7B74000168A0 /* UIKit.framework */; };
		1DB988A8145F7B74000168A0 /* Foundation.framework in Frameworks */ = {isa = PBXBuildFile; fileRef = 1DB988A7145F7B74000168A0 /* Foundation.framework */; };
		1DB988AA145F7B74000168A0 /* CoreGraphics.framework in Frameworks */ = {isa = PBXBuildFile; fileRef = 1DB988A9145F7B74000168A0 /* CoreGraphics.framework */; };
		1DB988B0145F7B74000168A0 /* InfoPlist.strings in Resources */ = {isa = PBXBuildFile; fileRef = 1DB988AE145F7B74000168A0 /* InfoPlist.strings */; };
		1DB988B2145F7B74000168A0 /* main.m in Sources */ = {isa = PBXBuildFile; fileRef = 1DB988B1145F7B74000168A0 /* main.m */; };
		1DB988B6145F7B74000168A0 /* AppDelegate.m in Sources */ = {isa = PBXBuildFile; fileRef = 1DB988B5145F7B74000168A0 /* AppDelegate.m */; };
		1DB988B9145F7B74000168A0 /* MainStoryboard.storyboard in Resources */ = {isa = PBXBuildFile; fileRef = 1DB988B7145F7B74000168A0 /* MainStoryboard.storyboard */; };
		1DB988BC145F7B74000168A0 /* ViewController.m in Sources */ = {isa = PBXBuildFile; fileRef = 1DB988BB145F7B74000168A0 /* ViewController.m */; };
/* End PBXBuildFile section */

/* Begin PBXFileReference section */
		1DB988A1145F7B74000168A0 /* MyTraining.app */ = {isa = PBXFileReference; explicitFileType = wrapper.application; includeInIndex = 0; path = MyTraining.app; sourceTree = BUILT_PRODUCTS_DIR; };
		1DB988A5145F7B74000168A0 /* UIKit.framework */ = {isa = PBXFileReference; lastKnownFileType = wrapper.framework; name = UIKit.framework; path = System/Library/Frameworks/UIKit.framework; sourceTree = SDKROOT; };
		1DB988A7145F7B74000168A0 /* Foundation.framework */ = {isa = PBXFileReference; lastKnownFileType = wrapper.framework; name = Foundation.framework; path = System/Library/Frameworks/Foundation.framework; sourceTree = SDKROOT; };
		1DB988A9145F7B74000168A0 /* CoreGraphics.framework */ = {isa = PBXFileReference; lastKnownFileType = wrapper.framework; name = CoreGraphics.framework; path = System/Library/Frameworks/CoreGraphics.framework; sourceTree = SDKROOT; };
		1DB988AD145F7B74000168A0 /* MyTraining-Info.plist */ = {isa = PBXFileReference; path = "MyTraining-Info.plist"; sourceTree = "<group>"; };
		1DB988AF145F7B74000168A0 /* en */ = {isa = PBXFileReference; lastKnownFileType = text.plist.strings; name = en; path = en.lproj/InfoPlist.strings; sourceTree = "<group>"; };
		1DB988B1145F7B74000168A0 /* main.m */ = {isa = PBXFileReference; lastKnownFileType = sourcecode.c.objc; path = main.m; sourceTree = "<group>"; };
		1DB988B3145F7B74000168A0 /* MyTraining-Prefix.pch */ = {isa = PBXFileReference; path = "MyTraining-Prefix.pch"; sourceTree = "<group>"; };
		1DB988B4145F7B74000168A0 /* AppDelegate.h */ = {isa = PBXFileReference; path = AppDelegate.h; sourceTree = "<group>"; };
		1DB988B5145F7B74000168A0 /* AppDelegate.m */ = {isa = PBXFileReference; lastKnownFileType = sourcecode.c.objc; path = AppDelegate.m; sourceTree = "<group>"; };
		1DB988B8145F7B74000168A0 /* en */ = {isa = PBXFileReference; lastKnownFileType = file.storyboard; name = en; path = en.lproj/MainStoryboard.storyboard; sourceTree = "<group>"; };
		1DB988BA145F7B74000168A0 /* ViewController.h */ = {isa = PBXFileReference; path = ViewController.h; sourceTree = "<group>"; };
		1DB988BB145F7B74000168A0 /* ViewController.m */ = {isa = PBXFileReference; lastKnownFileType = sourcecode.c.objc; path = ViewController.m; sourceTree = "<group>"; };
/* End PBXFileReference section */

/* Begin PBXFrameworksBuildPhase section */
		1DB9889E145F7B74000168A0 /* Frameworks */ = {
			isa = PBXFrameworksBuildPhase;
			buildActionMask = 2147483647;
			files = (
				1DB988A6145F7B74000168A0 /* UIKit.framework in Frameworks */,
				1DB988A8145F7B74000168A0 /* Foundation.framework in Frameworks */,
				1DB988AA145F7B74000168A0 /* CoreGraphics.framework in Frameworks */,
			);
			runOnlyForDeploymentPostprocessing = 0;
		};
/* End PBXFrameworksBuildPhase section */

/* Begin PBXGroup section */
		1DB98896145F7B74000168A0 = {
			isa = PBXGroup;
			children = (
				1DB988AB145F7B74000168A0 /* MyTraining */,
				1DB988A4145F7B74000168A0 /* Frameworks */,
				1DB988A2145F7B74000168A0 /* Products */,
			);
			sourceTree = "<group>";
		};
		1DB988A2145F7B74000168A0 /* Products */ = {
			isa = PBXGroup;
			children = (
				1DB988A1145F7B74000168A0 /* MyTraining.app */,
			);
			name = Products;
			sourceTree = "<group>";
		};
		1DB988A4145F7B74000168A0 /* Frameworks */ = {
			isa = PBXGroup;
			children = (
				1DB988A5145F7B74000168A0 /* UIKit.framework */,
				1DB988A7145F7B74000168A0 /* Foundation.framework */,
				1DB988A9145F7B74000168A0 /* CoreGraphics.framework */,
			);
			name = Frameworks;
			sourceTree = "<group>";
		};
		1DB988AB145F7B74000168A0 /* MyTraining */ = {
			isa = PBXGroup;
			children = (
				1DB988B4145F7B74000168A0 /* AppDelegate.h */,
				1DB988B5145F7B74000168A0 /* AppDelegate.m */,
				1DB988B7145F7B74000168A0 /* MainStoryboard.storyboard */,
				1DB988BA145F7B74000168A0 /* ViewController.h */,
				1DB988BB145F7B74000168A0 /* ViewController.m */,
				1DB988AC145F7B74000168A0 /* Supporting Files */,
			);
			path = MyTraining;
			sourceTree = "<group>";
		};
		1DB988AC145F7B74000168A0 /* Supporting Files */ = {
			isa = PBXGroup;
			children = (
				1DB988AD145F7B74000168A0 /* MyTraining-Info.plist */,
				1DB988AE145F7B74000168A0 /* InfoPlist.strings */,
				1DB988B1145F7B74000168A0 /* main.m */,
				1DB988B3145F7B74000168A0 /* MyTraining-Prefix.pch */,
			);
			name = "Supporting Files";
			sourceTree = "<group>";
		};
/* End PBXGroup section */

/* Begin PBXNativeTarget section */
		1DB988A0145F7B74000168A0 /* MyTraining */ = {
			isa = PBXNativeTarget;
			buildConfigurationList = 1DB988BF145F7B74000168A0 /* Build configuration list for PBXNativeTarget "MyTraining" */;
			buildPhases = (
				1DB9889D145F7B74000168A0 /* Sources */,
				1DB9889E145F7B74000168A0 /* Frameworks */,
				1DB9889F145F7B74000168A0 /* Resources */,
			);
			buildRules = (
			);
			dependencies = (
			);
			name = MyTraining;
			productName = MyTraining;
			productReference = 1DB988A1145F7B74000168A0 /* MyTraining.app */;
			productType = "com.apple.product-type.application";
		};
/* End PBXNativeTarget section */

/* Begin PBXProject section */
		1DB98898145F7B74000168A0 /* Project object */ = {
			isa = PBXProject;
			attributes = {
				LastUpgradeCheck = 0420;
				ORGANIZATIONNAME = JMM;
			};
			buildConfigurationList = 1DB9889B145F7B74000168A0 /* Build configuration list for PBXProject "MyTraining" */;
			compatibilityVersion = "Xcode 3.2";
			developmentRegion = English;
			hasScannedForEncodings = 0;
			knownRegions = (
				en,
			);
			mainGroup = 1DB98896145F7B74000168A0;
			productRefGroup = 1DB988A2145F7B74000168A0 /* Products */;
			projectDirPath = "";
			projectRoot = "";
			targets = (
				1DB988A0145F7B74000168A0 /* MyTraining */,
			);
		};
/* End PBXProject section */

/* Begin PBXResourcesBuildPhase section */
		1DB9889F145F7B74000168A0 /* Resources */ = {
			isa = PBXResourcesBuildPhase;
			buildActionMask = 2147483647;
			files = (
				1DB988B0145F7B74000168A0 /* InfoPlist.strings in Resources */,
				1DB988B9145F7B74000168A0 /* MainStoryboard.storyboard in Resources */,
			);
			runOnlyForDeploymentPostprocessing = 0;
		};
/* End PBXResourcesBuildPhase section */

/* Begin PBXSourcesBuildPhase section */
		1DB9889D145F7B74000168A0 /* Sources */ = {
			isa = PBXSourcesBuildPhase;
			buildActionMask = 2147483647;
			files = (
				1DB988B2145F7B74000168A0 /* main.m in Sources */,
				1DB988B6145F7B74000168A0 /* AppDelegate.m in Sources */,
				1DB988BC145F7B74000168A0 /* ViewController.m in Sources */,
			);
			runOnlyForDeploymentPostprocessing = 0;
		};
/* End PBXSourcesBuildPhase section */

/* Begin PBXVariantGroup section */
		1DB988AE145F7B74000168A0 /* InfoPlist.strings */ = {
			isa = PBXVariantGroup;
			children = (
				1DB988AF145F7B74000168A0 /* en */,
			);
			name = InfoPlist.strings;
			sourceTree = "<group>";
		};
		1DB988B7145F7B74000168A0 /* MainStoryboard.storyboard */ = {
			isa = PBXVariantGroup;
			children = (
				1DB988B8145F7B74000168A0 /* en */,
			);
			name = MainStoryboard.storyboard;
			sourceTree = "<group>";
		};
/* End PBXVariantGroup section */

/* Begin XCBuildConfiguration section */
		1DB988BD145F7B74000168A0 /* Debug */ = {
			isa = XCBuildConfiguration;
			buildSettings = {
				ALWAYS_SEARCH_USER_PATHS = NO;
				ARCHS = "$(ARCHS_STANDARD_32_BIT)";
				CLANG_ENABLE_OBJC_ARC = YES;
				"CODE_SIGN_IDENTITY[sdk=iphoneos*]" = "iPhone Developer";
				COPY_PHASE_STRIP = NO;
				GCC_C_LANGUAGE_STANDARD = gnu99;
				GCC_DYNAMIC_NO_PIC = NO;
				GCC_OPTIMIZATION_LEVEL = 0;
				GCC_PREPROCESSOR_DEFINITIONS = (
					"DEBUG=1",
					"$(inherited)",
				);
				GCC_SYMBOLS_PRIVATE_EXTERN = NO;
				GCC_VERSION = com.apple.compilers.llvm.clang.1_0;
				GCC_WARN_ABOUT_MISSING_PROTOTYPES = YES;
				GCC_WARN_ABOUT_RETURN_TYPE = YES;
				GCC_WARN_UNUSED_VARIABLE = YES;
				IPHONEOS_DEPLOYMENT_TARGET = 5.0;
				SDKROOT = iphoneos;
			};
			name = Debug;
		};
		1DB988BE145F7B74000168A0 /* Release */ = {
			isa = XCBuildConfiguration;
			buildSettings = {
				ALWAYS_SEARCH_USER_PATHS = NO;
				ARCHS = "$(ARCHS_STANDARD_32_BIT)";
				CLANG_ENABLE_OBJC_ARC = YES;
				"CODE_SIGN_IDENTITY[sdk=iphoneos*]" = "iPhone Developer";
				COPY_PHASE_STRIP = YES;
				GCC_C_LANGUAGE_STANDARD = gnu99;
				GCC_VERSION = com.apple.compilers.llvm.clang.1_0;
				GCC_WARN_ABOUT_MISSING_PROTOTYPES = YES;
				GCC_WARN_ABOUT_RETURN_TYPE = YES;
				GCC_WARN_UNUSED_VARIABLE = YES;
				IPHONEOS_DEPLOYMENT_TARGET = 5.0;
				OTHER_CFLAGS = "-DNS_BLOCK_ASSERTIONS=1";
				SDKROOT = iphoneos;
				VALIDATE_PRODUCT = YES;
			};
			name = Release;
		};
		1DB988C0145F7B74000168A0 /* Debug */ = {
			isa = XCBuildConfiguration;
			buildSettings = {
				GCC_PRECOMPILE_PREFIX_HEADER = YES;
				GCC_PREFIX_HEADER = "MyTraining/MyTraining-Prefix.pch";
				INFOPLIST_FILE = "MyTraining/MyTraining-Info.plist";
				PRODUCT_NAME = "$(TARGET_NAME)";
				WRAPPER_EXTENSION = app;
			};
			name = Debug;
		};
		1DB988C1145F7B74000168A0 /* Release */ = {
			isa = XCBuildConfiguration;
			buildSettings = {
				GCC_PRECOMPILE_PREFIX_HEADER = YES;
				GCC_PREFIX_HEADER = "MyTraining/MyTraining-Prefix.pch";
				INFOPLIST_FILE = "MyTraining/MyTraining-Info.plist";
				PRODUCT_NAME = "$(TARGET_NAME)";
				WRAPPER_EXTENSION = app;
			};
			name = Release;
		};
/* End XCBuildConfiguration section */

/* Begin XCConfigurationList section */
		1DB9889B145F7B74000168A0 /* Build configuration list for PBXProject "MyTraining" */ = {
			isa = XCConfigurationList;
			buildConfigurations = (
				1DB988BD145F7B74000168A0 /* Debug */,
				1DB988BE145F7B74000168A0 /* Release */,
			);
			defaultConfigurationIsVisible = 0;
			defaultConfigurationName = Release;
		};
		1DB988BF145F7B74000168A0 /* Build configuration list for PBXNativeTarget "MyTraining" */ = {
			isa = XCConfigurationList;
			buildConfigurations = (
				1DB988C0145F7B74000168A0 /* Debug */,
				1DB988C1145F7B74000168A0 /* Release */,
			);
			defaultConfigurationIsVisible = 0;
		};
/* End XCConfigurationList section */
	};
	rootObject = 1DB98898145F7B74000168A0 /* Project object */;
}
